
Microsoft Visual Studio Solution File, Format Version 12.00
# Visual Studio Version 17
VisualStudioVersion = 17.11.35222.181
MinimumVisualStudioVersion = 10.0.40219.1
Project("{FAE04EC0-301F-11D3-BF4B-00C04F79EFBC}") = "BruteForceTestExample", "BruteForceTestExample\BruteForceTestExample.csproj", "{EBAD727B-2D2D-4BF1-B6C1-0216BD44B723}"
EndProject
Project("{FAE04EC0-301F-11D3-BF4B-00C04F79EFBC}") = "BruteForceTestExample_Test", "BruteForceTestExample_Test\BruteForceTestExample_Test.csproj", "{FD09BB0D-A459-42F5-AE07-B17D83874910}"
EndProject
Global
	GlobalSection(SolutionConfigurationPlatforms) = preSolution
		Debug|Any CPU = Debug|Any CPU
		Release|Any CPU = Release|Any CPU
	EndGlobalSection
	GlobalSection(ProjectConfigurationPlatforms) = postSolution
		{EBAD727B-2D2D-4BF1-B6C1-0216BD44B723}.Debug|Any CPU.ActiveCfg = Debug|Any CPU
		{EBAD727B-2D2D-4BF1-B6C1-0216BD44B723}.Debug|Any CPU.Build.0 = Debug|Any CPU
		{EBAD727B-2D2D-4BF1-B6C1-0216BD44B723}.Release|Any CPU.ActiveCfg = Release|Any CPU
		{EBAD727B-2D2D-4BF1-B6C1-0216BD44B723}.Release|Any CPU.Build.0 = Release|Any CPU
		{FD09BB0D-A459-42F5-AE07-B17D83874910}.Debug|Any CPU.ActiveCfg = Debug|Any CPU
		{FD09BB0D-A459-42F5-AE07-B17D83874910}.Debug|Any CPU.Build.0 = Debug|Any CPU
		{FD09BB0D-A459-42F5-AE07-B17D83874910}.Release|Any CPU.ActiveCfg = Release|Any CPU
		{FD09BB0D-A459-42F5-AE07-B17D83874910}.Release|Any CPU.Build.0 = Release|Any CPU
	EndGlobalSection
	GlobalSection(SolutionProperties) = preSolution
		HideSolutionNode = FALSE
	EndGlobalSection
	GlobalSection(ExtensibilityGlobals) = postSolution
		SolutionGuid = {D4E21497-5A56-4980-8323-99F45EE8443A}
	EndGlobalSection
EndGlobal
